
Microsoft Visual Studio Solution File, Format Version 12.00
# Visual Studio 15
VisualStudioVersion = 15.0.28010.2050
MinimumVisualStudioVersion = 10.0.40219.1
Project("{2150E333-8FDC-42A3-9474-1A3956D46DE8}") = "Application", "Application", "{217A558F-69D5-4C38-97D3-DC5313DF8301}"
EndProject
Project("{FAE04EC0-301F-11D3-BF4B-00C04F79EFBC}") = "NorthwindLibrary", "Application\NorthwindLibrary\NorthwindLibrary.csproj", "{83072721-060E-4738-9ABD-7711C4F07ED2}"
EndProject
Project("{FAE04EC0-301F-11D3-BF4B-00C04F79EFBC}") = "Caching", "Caching\Caching.csproj", "{B98EAA70-5229-4C6C-881E-3EC5EAD89D09}"
EndProject
Global
	GlobalSection(SolutionConfigurationPlatforms) = preSolution
		Debug|Any CPU = Debug|Any CPU
		Release|Any CPU = Release|Any CPU
	EndGlobalSection
	GlobalSection(ProjectConfigurationPlatforms) = postSolution
		{83072721-060E-4738-9ABD-7711C4F07ED2}.Debug|Any CPU.ActiveCfg = Debug|Any CPU
		{83072721-060E-4738-9ABD-7711C4F07ED2}.Debug|Any CPU.Build.0 = Debug|Any CPU
		{83072721-060E-4738-9ABD-7711C4F07ED2}.Release|Any CPU.ActiveCfg = Release|Any CPU
		{83072721-060E-4738-9ABD-7711C4F07ED2}.Release|Any CPU.Build.0 = Release|Any CPU
		{B98EAA70-5229-4C6C-881E-3EC5EAD89D09}.Debug|Any CPU.ActiveCfg = Debug|Any CPU
		{B98EAA70-5229-4C6C-881E-3EC5EAD89D09}.Debug|Any CPU.Build.0 = Debug|Any CPU
		{B98EAA70-5229-4C6C-881E-3EC5EAD89D09}.Release|Any CPU.ActiveCfg = Release|Any CPU
		{B98EAA70-5229-4C6C-881E-3EC5EAD89D09}.Release|Any CPU.Build.0 = Release|Any CPU
	EndGlobalSection
	GlobalSection(SolutionProperties) = preSolution
		HideSolutionNode = FALSE
	EndGlobalSection
	GlobalSection(NestedProjects) = preSolution
		{83072721-060E-4738-9ABD-7711C4F07ED2} = {217A558F-69D5-4C38-97D3-DC5313DF8301}
		{B98EAA70-5229-4C6C-881E-3EC5EAD89D09} = {217A558F-69D5-4C38-97D3-DC5313DF8301}
	EndGlobalSection
	GlobalSection(ExtensibilityGlobals) = postSolution
		SolutionGuid = {16F42084-A733-40E3-9698-169F57049D9C}
	EndGlobalSection
EndGlobal
