
Microsoft Visual Studio Solution File, Format Version 12.00
# Visual Studio 15
VisualStudioVersion = 15.0.28010.2050
MinimumVisualStudioVersion = 10.0.40219.1
Project("{FAE04EC0-301F-11D3-BF4B-00C04F79EFBC}") = "WpfApp", "WpfApp\WpfApp.csproj", "{9B3F34CD-F1D1-4DF2-80EF-BD105DEBF5FC}"
EndProject
Project("{FAE04EC0-301F-11D3-BF4B-00C04F79EFBC}") = "Xml.Library", "Xml.Library\Xml.Library.csproj", "{DDC307A1-3ADA-4074-8944-A790DF790B3C}"
EndProject
Global
	GlobalSection(SolutionConfigurationPlatforms) = preSolution
		Debug|Any CPU = Debug|Any CPU
		Release|Any CPU = Release|Any CPU
	EndGlobalSection
	GlobalSection(ProjectConfigurationPlatforms) = postSolution
		{9B3F34CD-F1D1-4DF2-80EF-BD105DEBF5FC}.Debug|Any CPU.ActiveCfg = Debug|Any CPU
		{9B3F34CD-F1D1-4DF2-80EF-BD105DEBF5FC}.Debug|Any CPU.Build.0 = Debug|Any CPU
		{9B3F34CD-F1D1-4DF2-80EF-BD105DEBF5FC}.Release|Any CPU.ActiveCfg = Release|Any CPU
		{9B3F34CD-F1D1-4DF2-80EF-BD105DEBF5FC}.Release|Any CPU.Build.0 = Release|Any CPU
		{DDC307A1-3ADA-4074-8944-A790DF790B3C}.Debug|Any CPU.ActiveCfg = Debug|Any CPU
		{DDC307A1-3ADA-4074-8944-A790DF790B3C}.Debug|Any CPU.Build.0 = Debug|Any CPU
		{DDC307A1-3ADA-4074-8944-A790DF790B3C}.Release|Any CPU.ActiveCfg = Release|Any CPU
		{DDC307A1-3ADA-4074-8944-A790DF790B3C}.Release|Any CPU.Build.0 = Release|Any CPU
	EndGlobalSection
	GlobalSection(SolutionProperties) = preSolution
		HideSolutionNode = FALSE
	EndGlobalSection
	GlobalSection(ExtensibilityGlobals) = postSolution
		SolutionGuid = {D379706B-667F-4761-8878-DE2FBF62B648}
	EndGlobalSection
EndGlobal
