
Microsoft Visual Studio Solution File, Format Version 12.00
# Visual Studio 15
VisualStudioVersion = 15.0.28010.2050
MinimumVisualStudioVersion = 10.0.40219.1
Project("{FAE04EC0-301F-11D3-BF4B-00C04F79EFBC}") = "Northwind", "Northwind\Northwind.csproj", "{763C9124-7E3F-4A7B-9A60-FD26E81D87DF}"
EndProject
Global
	GlobalSection(SolutionConfigurationPlatforms) = preSolution
		Debug|Any CPU = Debug|Any CPU
		Release|Any CPU = Release|Any CPU
	EndGlobalSection
	GlobalSection(ProjectConfigurationPlatforms) = postSolution
		{763C9124-7E3F-4A7B-9A60-FD26E81D87DF}.Debug|Any CPU.ActiveCfg = Debug|Any CPU
		{763C9124-7E3F-4A7B-9A60-FD26E81D87DF}.Debug|Any CPU.Build.0 = Debug|Any CPU
		{763C9124-7E3F-4A7B-9A60-FD26E81D87DF}.Release|Any CPU.ActiveCfg = Release|Any CPU
		{763C9124-7E3F-4A7B-9A60-FD26E81D87DF}.Release|Any CPU.Build.0 = Release|Any CPU
	EndGlobalSection
	GlobalSection(SolutionProperties) = preSolution
		HideSolutionNode = FALSE
	EndGlobalSection
	GlobalSection(ExtensibilityGlobals) = postSolution
		SolutionGuid = {DC288DAC-68ED-46EB-8473-652BA58B0F70}
	EndGlobalSection
EndGlobal
